
Microsoft Visual Studio Solution File, Format Version 12.00
# Visual Studio Version 17
VisualStudioVersion = 17.3.32929.385
MinimumVisualStudioVersion = 10.0.40219.1
Project("{2150E333-8FDC-42A3-9474-1A3956D46DE8}") = "Solution Items", "Solution Items", "{0F67BFA6-3F34-4FE8-8AA5-90F6DA4D22A6}"
	ProjectSection(SolutionItems) = preProject
		..\.editorconfig = ..\.editorconfig
	EndProjectSection
EndProject
Project("{2150E333-8FDC-42A3-9474-1A3956D46DE8}") = "Tests", "Tests", "{73877988-51E6-4F0F-AB2A-CDDEEDDC88B2}"
EndProject
Project("{FAE04EC0-301F-11D3-BF4B-00C04F79EFBC}") = "InMemoryCache.UnitTest", "Tests\InMemoryCache.UnitTest\InMemoryCache.UnitTest.csproj", "{A57A954E-DD36-4D2F-90D6-05C434DF0ACA}"
EndProject
Project("{2150E333-8FDC-42A3-9474-1A3956D46DE8}") = "src", "src", "{6A42D20B-09F3-48CB-B787-268CB0ABDA6E}"
EndProject
Project("{FAE04EC0-301F-11D3-BF4B-00C04F79EFBC}") = "MemCache.Sample", "src\MemCache.Sample\MemCache.Sample.csproj", "{7990115B-E997-41DE-A687-9BBAE27B5BE4}"
EndProject
Global
	GlobalSection(SolutionConfigurationPlatforms) = preSolution
		Debug|Any CPU = Debug|Any CPU
		Release|Any CPU = Release|Any CPU
	EndGlobalSection
	GlobalSection(ProjectConfigurationPlatforms) = postSolution
		{A57A954E-DD36-4D2F-90D6-05C434DF0ACA}.Debug|Any CPU.ActiveCfg = Debug|Any CPU
		{A57A954E-DD36-4D2F-90D6-05C434DF0ACA}.Debug|Any CPU.Build.0 = Debug|Any CPU
		{A57A954E-DD36-4D2F-90D6-05C434DF0ACA}.Release|Any CPU.ActiveCfg = Release|Any CPU
		{A57A954E-DD36-4D2F-90D6-05C434DF0ACA}.Release|Any CPU.Build.0 = Release|Any CPU
		{7990115B-E997-41DE-A687-9BBAE27B5BE4}.Debug|Any CPU.ActiveCfg = Debug|Any CPU
		{7990115B-E997-41DE-A687-9BBAE27B5BE4}.Debug|Any CPU.Build.0 = Debug|Any CPU
		{7990115B-E997-41DE-A687-9BBAE27B5BE4}.Release|Any CPU.ActiveCfg = Release|Any CPU
		{7990115B-E997-41DE-A687-9BBAE27B5BE4}.Release|Any CPU.Build.0 = Release|Any CPU
	EndGlobalSection
	GlobalSection(SolutionProperties) = preSolution
		HideSolutionNode = FALSE
	EndGlobalSection
	GlobalSection(NestedProjects) = preSolution
		{A57A954E-DD36-4D2F-90D6-05C434DF0ACA} = {73877988-51E6-4F0F-AB2A-CDDEEDDC88B2}
		{7990115B-E997-41DE-A687-9BBAE27B5BE4} = {6A42D20B-09F3-48CB-B787-268CB0ABDA6E}
	EndGlobalSection
	GlobalSection(ExtensibilityGlobals) = postSolution
		SolutionGuid = {4D44990F-B7CA-4B2C-B40C-FEC848E9BF69}
	EndGlobalSection
EndGlobal
